# THIS IS AN AUTOGENERATED FILE. DO NOT EDIT THIS FILE DIRECTLY.
# yarn lockfile v1


iexec-poco@^3.0.28:
  version "3.0.28"
  resolved "https://registry.yarnpkg.com/iexec-poco/-/iexec-poco-3.0.28.tgz#3d43133f3a3e93d70316afd2f576dba7c87d1623"
  integrity sha512-Nb+nUHWwOUcluX/v7FQK0Jd1s5VcWCIxPjss2T5i7WJIe/4aqH0/hWsWJfcbmT7pf9IgxiV5fWnsCK2Ce6zC6Q==
  dependencies:
    openzeppelin-solidity "^2.2.0"

iexec-solidity@^0.0.6:
  version "0.0.6"
  resolved "https://registry.yarnpkg.com/iexec-solidity/-/iexec-solidity-0.0.6.tgz#eb0a362d8f220fb25f0378e345f490f95af2e379"
  integrity sha512-mPYvu/Q5HJGBXOVi2F+nEa0nDjZlbymVQ1MdRTgB4hd4uKuZT4ovrVXqyERodk4xClbTuvN+CLxgVzLWiViliQ==

openzeppelin-solidity@^2.2.0:
  version "2.2.0"
  resolved "https://registry.yarnpkg.com/openzeppelin-solidity/-/openzeppelin-solidity-2.2.0.tgz#1f0e857f53bda29b77a8e72f9a629db81015fd34"
  integrity sha512-HfQq0xyT+EPs/lTWEd5Odu4T7CYdYe+qwf54EH28FQZthp4Bs6IWvOlOumTdS2dvpwZoTXURAopHn2LN1pwAGQ==
